# This file is automatically generated by ccgo.
# It is not intended for manual editing.
# Regenerate with: ccgo fetch

version = 1

[metadata]
generated_at = "2026-04-28T10:52:34.214733+08:00"
ccgo_version = "3.4.4"

[[package]]
name = "leaf"
version = "0.1.0"
source = "path+../leaf"
installed_at = "2026-04-28T10:52:34.214719+08:00"
git.revision = "47590fa800d3d44ffef8bb50e850985d6320a39f"
git.branch = "feat/linkage-thin-static"
git.dirty = true

