# This file is automatically generated by ccgo.
# It is not intended for manual editing.
# Regenerate with: ccgo fetch

version = 1

[metadata]
generated_at = "2026-04-28T12:22:40.810299+08:00"
ccgo_version = "3.4.4"

[[package]]
name = "leaf"
version = "0.1.0"
source = "path+../leaf"
installed_at = "2026-04-28T12:22:40.810269+08:00"
git.revision = "1b0272ea0a5909f8cd482f9c3f533597d1f1fb8f"
git.branch = "feat/linkage-cli-flag"
git.dirty = true

